
Microsoft Visual Studio Solution File, Format Version 12.00
# Visual Studio 15
VisualStudioVersion = 15.0.28307.168
MinimumVisualStudioVersion = 10.0.40219.1
Project("{FAE04EC0-301F-11D3-BF4B-00C04F79EFBC}") = "auto_translation", "auto_translation\auto_translation.csproj", "{CA6C598C-295C-4759-B44A-60DFAA9BC288}"
EndProject
Global
	GlobalSection(SolutionConfigurationPlatforms) = preSolution
		Debug|Any CPU = Debug|Any CPU
		Release|Any CPU = Release|Any CPU
	EndGlobalSection
	GlobalSection(ProjectConfigurationPlatforms) = postSolution
		{CA6C598C-295C-4759-B44A-60DFAA9BC288}.Debug|Any CPU.ActiveCfg = Debug|Any CPU
		{CA6C598C-295C-4759-B44A-60DFAA9BC288}.Debug|Any CPU.Build.0 = Debug|Any CPU
		{CA6C598C-295C-4759-B44A-60DFAA9BC288}.Release|Any CPU.ActiveCfg = Release|Any CPU
		{CA6C598C-295C-4759-B44A-60DFAA9BC288}.Release|Any CPU.Build.0 = Release|Any CPU
	EndGlobalSection
	GlobalSection(SolutionProperties) = preSolution
		HideSolutionNode = FALSE
	EndGlobalSection
	GlobalSection(ExtensibilityGlobals) = postSolution
		SolutionGuid = {D413F01D-BA55-406F-B77A-6916D745FB74}
	EndGlobalSection
EndGlobal
